
Microsoft Visual Studio Solution File, Format Version 12.00
# Visual Studio 14
VisualStudioVersion = 14.0.24720.0
MinimumVisualStudioVersion = 10.0.40219.1
Project("{FAE04EC0-301F-11D3-BF4B-00C04F79EFBC}") = "ICSharpCode.SharpZipLib", "src\ICSharpCode.SharpZipLib.csproj", "{0E7413FF-EB9E-4714-ACF2-BE3A6A7B2FFD}"
EndProject
Project("{FAE04EC0-301F-11D3-BF4B-00C04F79EFBC}") = "CS_CreateZipFile", "samples\cs\CreateZipFile\CS_CreateZipFile.csproj", "{DF63551E-BB6C-4A8D-9B01-DB94F721E74A}"
EndProject
Project("{FAE04EC0-301F-11D3-BF4B-00C04F79EFBC}") = "CS_FastZip", "samples\cs\FastZip\CS_FastZip.csproj", "{61BE8DBC-149A-4564-B891-9EEA4A09ED12}"
	ProjectSection(ProjectDependencies) = postProject
		{0E7413FF-EB9E-4714-ACF2-BE3A6A7B2FFD} = {0E7413FF-EB9E-4714-ACF2-BE3A6A7B2FFD}
	EndProjectSection
EndProject
Project("{FAE04EC0-301F-11D3-BF4B-00C04F79EFBC}") = "CS_minibzip2", "samples\cs\minibzip2\CS_minibzip2.csproj", "{7520CE0B-F1D4-4148-8427-BB03669D7672}"
	ProjectSection(ProjectDependencies) = postProject
		{0E7413FF-EB9E-4714-ACF2-BE3A6A7B2FFD} = {0E7413FF-EB9E-4714-ACF2-BE3A6A7B2FFD}
	EndProjectSection
EndProject
Project("{FAE04EC0-301F-11D3-BF4B-00C04F79EFBC}") = "CS_minigzip", "samples\cs\minigzip\CS_minigzip.csproj", "{301EF496-ED72-4448-A98E-A60D6BF6E0AE}"
	ProjectSection(ProjectDependencies) = postProject
		{0E7413FF-EB9E-4714-ACF2-BE3A6A7B2FFD} = {0E7413FF-EB9E-4714-ACF2-BE3A6A7B2FFD}
	EndProjectSection
EndProject
Project("{FAE04EC0-301F-11D3-BF4B-00C04F79EFBC}") = "CS_sz", "samples\cs\sz\CS_sz.csproj", "{CE0CEA62-CC91-4D17-BC57-A5FCACCA6A1F}"
	ProjectSection(ProjectDependencies) = postProject
		{0E7413FF-EB9E-4714-ACF2-BE3A6A7B2FFD} = {0E7413FF-EB9E-4714-ACF2-BE3A6A7B2FFD}
	EndProjectSection
EndProject
Project("{FAE04EC0-301F-11D3-BF4B-00C04F79EFBC}") = "CS_Tar", "samples\cs\tar\CS_Tar.csproj", "{12C2AD0C-B815-426D-AFF1-7787C2DCA0F0}"
EndProject
Project("{FAE04EC0-301F-11D3-BF4B-00C04F79EFBC}") = "CS_zf", "samples\cs\zf\CS_zf.csproj", "{90E83588-261C-45A3-964F-4B707357D437}"
	ProjectSection(ProjectDependencies) = postProject
		{0E7413FF-EB9E-4714-ACF2-BE3A6A7B2FFD} = {0E7413FF-EB9E-4714-ACF2-BE3A6A7B2FFD}
	EndProjectSection
EndProject
Project("{FAE04EC0-301F-11D3-BF4B-00C04F79EFBC}") = "CS_zipfiletest", "samples\cs\zipfiletest\CS_zipfiletest.csproj", "{4C2CF0B1-FA7B-4FB6-83BA-24A9549AAB02}"
	ProjectSection(ProjectDependencies) = postProject
		{0E7413FF-EB9E-4714-ACF2-BE3A6A7B2FFD} = {0E7413FF-EB9E-4714-ACF2-BE3A6A7B2FFD}
	EndProjectSection
EndProject
Global
	GlobalSection(SolutionConfigurationPlatforms) = preSolution
		Debug|Any CPU = Debug|Any CPU
		Release|Any CPU = Release|Any CPU
	EndGlobalSection
	GlobalSection(ProjectConfigurationPlatforms) = postSolution
		{0E7413FF-EB9E-4714-ACF2-BE3A6A7B2FFD}.Debug|Any CPU.ActiveCfg = Debug|Any CPU
		{0E7413FF-EB9E-4714-ACF2-BE3A6A7B2FFD}.Debug|Any CPU.Build.0 = Debug|Any CPU
		{0E7413FF-EB9E-4714-ACF2-BE3A6A7B2FFD}.Release|Any CPU.ActiveCfg = Release|Any CPU
		{0E7413FF-EB9E-4714-ACF2-BE3A6A7B2FFD}.Release|Any CPU.Build.0 = Release|Any CPU
		{DF63551E-BB6C-4A8D-9B01-DB94F721E74A}.Debug|Any CPU.ActiveCfg = Debug|Any CPU
		{DF63551E-BB6C-4A8D-9B01-DB94F721E74A}.Debug|Any CPU.Build.0 = Debug|Any CPU
		{DF63551E-BB6C-4A8D-9B01-DB94F721E74A}.Release|Any CPU.ActiveCfg = Release|Any CPU
		{DF63551E-BB6C-4A8D-9B01-DB94F721E74A}.Release|Any CPU.Build.0 = Release|Any CPU
		{61BE8DBC-149A-4564-B891-9EEA4A09ED12}.Debug|Any CPU.ActiveCfg = Debug|Any CPU
		{61BE8DBC-149A-4564-B891-9EEA4A09ED12}.Debug|Any CPU.Build.0 = Debug|Any CPU
		{61BE8DBC-149A-4564-B891-9EEA4A09ED12}.Release|Any CPU.ActiveCfg = Release|Any CPU
		{61BE8DBC-149A-4564-B891-9EEA4A09ED12}.Release|Any CPU.Build.0 = Release|Any CPU
		{7520CE0B-F1D4-4148-8427-BB03669D7672}.Debug|Any CPU.ActiveCfg = Debug|Any CPU
		{7520CE0B-F1D4-4148-8427-BB03669D7672}.Debug|Any CPU.Build.0 = Debug|Any CPU
		{7520CE0B-F1D4-4148-8427-BB03669D7672}.Release|Any CPU.ActiveCfg = Release|Any CPU
		{7520CE0B-F1D4-4148-8427-BB03669D7672}.Release|Any CPU.Build.0 = Release|Any CPU
		{301EF496-ED72-4448-A98E-A60D6BF6E0AE}.Debug|Any CPU.ActiveCfg = Debug|Any CPU
		{301EF496-ED72-4448-A98E-A60D6BF6E0AE}.Debug|Any CPU.Build.0 = Debug|Any CPU
		{301EF496-ED72-4448-A98E-A60D6BF6E0AE}.Release|Any CPU.ActiveCfg = Release|Any CPU
		{301EF496-ED72-4448-A98E-A60D6BF6E0AE}.Release|Any CPU.Build.0 = Release|Any CPU
		{CE0CEA62-CC91-4D17-BC57-A5FCACCA6A1F}.Debug|Any CPU.ActiveCfg = Debug|Any CPU
		{CE0CEA62-CC91-4D17-BC57-A5FCACCA6A1F}.Debug|Any CPU.Build.0 = Debug|Any CPU
		{CE0CEA62-CC91-4D17-BC57-A5FCACCA6A1F}.Release|Any CPU.ActiveCfg = Release|Any CPU
		{CE0CEA62-CC91-4D17-BC57-A5FCACCA6A1F}.Release|Any CPU.Build.0 = Release|Any CPU
		{12C2AD0C-B815-426D-AFF1-7787C2DCA0F0}.Debug|Any CPU.ActiveCfg = Debug|Any CPU
		{12C2AD0C-B815-426D-AFF1-7787C2DCA0F0}.Debug|Any CPU.Build.0 = Debug|Any CPU
		{12C2AD0C-B815-426D-AFF1-7787C2DCA0F0}.Release|Any CPU.ActiveCfg = Release|Any CPU
		{12C2AD0C-B815-426D-AFF1-7787C2DCA0F0}.Release|Any CPU.Build.0 = Release|Any CPU
		{90E83588-261C-45A3-964F-4B707357D437}.Debug|Any CPU.ActiveCfg = Debug|Any CPU
		{90E83588-261C-45A3-964F-4B707357D437}.Debug|Any CPU.Build.0 = Debug|Any CPU
		{90E83588-261C-45A3-964F-4B707357D437}.Release|Any CPU.ActiveCfg = Release|Any CPU
		{90E83588-261C-45A3-964F-4B707357D437}.Release|Any CPU.Build.0 = Release|Any CPU
		{4C2CF0B1-FA7B-4FB6-83BA-24A9549AAB02}.Debug|Any CPU.ActiveCfg = Debug|Any CPU
		{4C2CF0B1-FA7B-4FB6-83BA-24A9549AAB02}.Debug|Any CPU.Build.0 = Debug|Any CPU
		{4C2CF0B1-FA7B-4FB6-83BA-24A9549AAB02}.Release|Any CPU.ActiveCfg = Release|Any CPU
		{4C2CF0B1-FA7B-4FB6-83BA-24A9549AAB02}.Release|Any CPU.Build.0 = Release|Any CPU
	EndGlobalSection
	GlobalSection(SolutionProperties) = preSolution
		HideSolutionNode = FALSE
	EndGlobalSection
EndGlobal
